// !$*UTF8*$!
{
	archiveVersion = 1;
	classes = {
	};
	objectVersion = 55;
	objects = {

/* Begin PBXBuildFile section */
		8A40C06128653CA000DDEF50 /* CurrencyJamApp.swift in Sources */ = {isa = PBXBuildFile; fileRef = 8A40C05128653C9E00DDEF50 /* CurrencyJamApp.swift */; };
		8A40C06228653CA000DDEF50 /* CurrencyJamApp.swift in Sources */ = {isa = PBXBuildFile; fileRef = 8A40C05128653C9E00DDEF50 /* CurrencyJamApp.swift */; };
		8A40C06328653CA000DDEF50 /* LocalePicker.swift in Sources */ = {isa = PBXBuildFile; fileRef = 8A40C05228653C9E00DDEF50 /* LocalePicker.swift */; };
		8A40C06428653CA000DDEF50 /* LocalePicker.swift in Sources */ = {isa = PBXBuildFile; fileRef = 8A40C05228653C9E00DDEF50 /* LocalePicker.swift */; };
		8A40C06528653CA000DDEF50 /* Assets.xcassets in Resources */ = {isa = PBXBuildFile; fileRef = 8A40C05328653CA000DDEF50 /* Assets.xcassets */; };
		8A40C06628653CA000DDEF50 /* Assets.xcassets in Resources */ = {isa = PBXBuildFile; fileRef = 8A40C05328653CA000DDEF50 /* Assets.xcassets */; };
		8A40C07028665EA900DDEF50 /* MoneyParser.swift in Sources */ = {isa = PBXBuildFile; fileRef = 8A40C06F28665EA900DDEF50 /* MoneyParser.swift */; };
		8A40C07128665EA900DDEF50 /* MoneyParser.swift in Sources */ = {isa = PBXBuildFile; fileRef = 8A40C06F28665EA900DDEF50 /* MoneyParser.swift */; };
		8A40C0732866619400DDEF50 /* Currency.swift in Sources */ = {isa = PBXBuildFile; fileRef = 8A40C0722866619400DDEF50 /* Currency.swift */; };
		8A40C0742866619400DDEF50 /* Currency.swift in Sources */ = {isa = PBXBuildFile; fileRef = 8A40C0722866619400DDEF50 /* Currency.swift */; };
		8A40C076286661A000DDEF50 /* LocaleOptions.swift in Sources */ = {isa = PBXBuildFile; fileRef = 8A40C075286661A000DDEF50 /* LocaleOptions.swift */; };
		8A40C077286661A000DDEF50 /* LocaleOptions.swift in Sources */ = {isa = PBXBuildFile; fileRef = 8A40C075286661A000DDEF50 /* LocaleOptions.swift */; };
		8A40C0892866683100DDEF50 /* MoneyParserTests.swift in Sources */ = {isa = PBXBuildFile; fileRef = 8A40C0882866683100DDEF50 /* MoneyParserTests.swift */; };
/* End PBXBuildFile section */

/* Begin PBXContainerItemProxy section */
		8A40C0832866682600DDEF50 /* PBXContainerItemProxy */ = {
			isa = PBXContainerItemProxy;
			containerPortal = 8A40C04C28653C9E00DDEF50 /* Project object */;
			proxyType = 1;
			remoteGlobalIDString = 8A40C05728653CA000DDEF50;
			remoteInfo = "CurrencyJam (iOS)";
		};
/* End PBXContainerItemProxy section */

/* Begin PBXFileReference section */
		8A40C05128653C9E00DDEF50 /* CurrencyJamApp.swift */ = {isa = PBXFileReference; lastKnownFileType = sourcecode.swift; path = CurrencyJamApp.swift; sourceTree = "<group>"; };
		8A40C05228653C9E00DDEF50 /* LocalePicker.swift */ = {isa = PBXFileReference; lastKnownFileType = sourcecode.swift; path = LocalePicker.swift; sourceTree = "<group>"; };
		8A40C05328653CA000DDEF50 /* Assets.xcassets */ = {isa = PBXFileReference; lastKnownFileType = folder.assetcatalog; path = Assets.xcassets; sourceTree = "<group>"; };
		8A40C05828653CA000DDEF50 /* CurrencyJam.app */ = {isa = PBXFileReference; explicitFileType = wrapper.application; includeInIndex = 0; path = CurrencyJam.app; sourceTree = BUILT_PRODUCTS_DIR; };
		8A40C05E28653CA000DDEF50 /* CurrencyJam.app */ = {isa = PBXFileReference; explicitFileType = wrapper.application; includeInIndex = 0; path = CurrencyJam.app; sourceTree = BUILT_PRODUCTS_DIR; };
		8A40C06028653CA000DDEF50 /* macOS.entitlements */ = {isa = PBXFileReference; lastKnownFileType = text.plist.entitlements; path = macOS.entitlements; sourceTree = "<group>"; };
		8A40C06F28665EA900DDEF50 /* MoneyParser.swift */ = {isa = PBXFileReference; lastKnownFileType = sourcecode.swift; path = MoneyParser.swift; sourceTree = "<group>"; };
		8A40C0722866619400DDEF50 /* Currency.swift */ = {isa = PBXFileReference; lastKnownFileType = sourcecode.swift; path = Currency.swift; sourceTree = "<group>"; };
		8A40C075286661A000DDEF50 /* LocaleOptions.swift */ = {isa = PBXFileReference; lastKnownFileType = sourcecode.swift; path = LocaleOptions.swift; sourceTree = "<group>"; };
		8A40C07F2866682600DDEF50 /* CurrencyJamTests.xctest */ = {isa = PBXFileReference; explicitFileType = wrapper.cfbundle; includeInIndex = 0; path = CurrencyJamTests.xctest; sourceTree = BUILT_PRODUCTS_DIR; };
		8A40C0882866683100DDEF50 /* MoneyParserTests.swift */ = {isa = PBXFileReference; lastKnownFileType = sourcecode.swift; path = MoneyParserTests.swift; sourceTree = "<group>"; };
/* End PBXFileReference section */

/* Begin PBXFrameworksBuildPhase section */
		8A40C05528653CA000DDEF50 /* Frameworks */ = {
			isa = PBXFrameworksBuildPhase;
			buildActionMask = 2147483647;
			files = (
			);
			runOnlyForDeploymentPostprocessing = 0;
		};
		8A40C05B28653CA000DDEF50 /* Frameworks */ = {
			isa = PBXFrameworksBuildPhase;
			buildActionMask = 2147483647;
			files = (
			);
			runOnlyForDeploymentPostprocessing = 0;
		};
		8A40C07C2866682600DDEF50 /* Frameworks */ = {
			isa = PBXFrameworksBuildPhase;
			buildActionMask = 2147483647;
			files = (
			);
			runOnlyForDeploymentPostprocessing = 0;
		};
/* End PBXFrameworksBuildPhase section */

/* Begin PBXGroup section */
		8A40C04B28653C9E00DDEF50 = {
			isa = PBXGroup;
			children = (
				8A40C05028653C9E00DDEF50 /* Shared */,
				8A40C05F28653CA000DDEF50 /* macOS */,
				8A40C0802866682600DDEF50 /* Tests */,
				8A40C05928653CA000DDEF50 /* Products */,
			);
			sourceTree = "<group>";
		};
		8A40C05028653C9E00DDEF50 /* Shared */ = {
			isa = PBXGroup;
			children = (
				8A40C05128653C9E00DDEF50 /* CurrencyJamApp.swift */,
				8A40C05228653C9E00DDEF50 /* LocalePicker.swift */,
				8A40C05328653CA000DDEF50 /* Assets.xcassets */,
				8A40C06F28665EA900DDEF50 /* MoneyParser.swift */,
				8A40C0722866619400DDEF50 /* Currency.swift */,
				8A40C075286661A000DDEF50 /* LocaleOptions.swift */,
			);
			path = Shared;
			sourceTree = "<group>";
		};
		8A40C05928653CA000DDEF50 /* Products */ = {
			isa = PBXGroup;
			children = (
				8A40C05828653CA000DDEF50 /* CurrencyJam.app */,
				8A40C05E28653CA000DDEF50 /* CurrencyJam.app */,
				8A40C07F2866682600DDEF50 /* CurrencyJamTests.xctest */,
			);
			name = Products;
			sourceTree = "<group>";
		};
		8A40C05F28653CA000DDEF50 /* macOS */ = {
			isa = PBXGroup;
			children = (
				8A40C06028653CA000DDEF50 /* macOS.entitlements */,
			);
			path = macOS;
			sourceTree = "<group>";
		};
		8A40C0802866682600DDEF50 /* Tests */ = {
			isa = PBXGroup;
			children = (
				8A40C0882866683100DDEF50 /* MoneyParserTests.swift */,
			);
			path = Tests;
			sourceTree = "<group>";
		};
/* End PBXGroup section */

/* Begin PBXNativeTarget section */
		8A40C05728653CA000DDEF50 /* CurrencyJam (iOS) */ = {
			isa = PBXNativeTarget;
			buildConfigurationList = 8A40C06928653CA000DDEF50 /* Build configuration list for PBXNativeTarget "CurrencyJam (iOS)" */;
			buildPhases = (
				8A40C05428653CA000DDEF50 /* Sources */,
				8A40C05528653CA000DDEF50 /* Frameworks */,
				8A40C05628653CA000DDEF50 /* Resources */,
			);
			buildRules = (
			);
			dependencies = (
			);
			name = "CurrencyJam (iOS)";
			productName = "CurrencyJam (iOS)";
			productReference = 8A40C05828653CA000DDEF50 /* CurrencyJam.app */;
			productType = "com.apple.product-type.application";
		};
		8A40C05D28653CA000DDEF50 /* CurrencyJam (macOS) */ = {
			isa = PBXNativeTarget;
			buildConfigurationList = 8A40C06C28653CA000DDEF50 /* Build configuration list for PBXNativeTarget "CurrencyJam (macOS)" */;
			buildPhases = (
				8A40C05A28653CA000DDEF50 /* Sources */,
				8A40C05B28653CA000DDEF50 /* Frameworks */,
				8A40C05C28653CA000DDEF50 /* Resources */,
			);
			buildRules = (
			);
			dependencies = (
			);
			name = "CurrencyJam (macOS)";
			productName = "CurrencyJam (macOS)";
			productReference = 8A40C05E28653CA000DDEF50 /* CurrencyJam.app */;
			productType = "com.apple.product-type.application";
		};
		8A40C07E2866682600DDEF50 /* CurrencyJamTests */ = {
			isa = PBXNativeTarget;
			buildConfigurationList = 8A40C0852866682600DDEF50 /* Build configuration list for PBXNativeTarget "CurrencyJamTests" */;
			buildPhases = (
				8A40C07B2866682600DDEF50 /* Sources */,
				8A40C07C2866682600DDEF50 /* Frameworks */,
				8A40C07D2866682600DDEF50 /* Resources */,
			);
			buildRules = (
			);
			dependencies = (
				8A40C0842866682600DDEF50 /* PBXTargetDependency */,
			);
			name = CurrencyJamTests;
			productName = CurrencyJamTests;
			productReference = 8A40C07F2866682600DDEF50 /* CurrencyJamTests.xctest */;
			productType = "com.apple.product-type.bundle.unit-test";
		};
/* End PBXNativeTarget section */

/* Begin PBXProject section */
		8A40C04C28653C9E00DDEF50 /* Project object */ = {
			isa = PBXProject;
			attributes = {
				BuildIndependentTargetsInParallel = 1;
				LastSwiftUpdateCheck = 1330;
				LastUpgradeCheck = 1330;
				TargetAttributes = {
					8A40C05728653CA000DDEF50 = {
						CreatedOnToolsVersion = 13.3;
					};
					8A40C05D28653CA000DDEF50 = {
						CreatedOnToolsVersion = 13.3;
					};
					8A40C07E2866682600DDEF50 = {
						CreatedOnToolsVersion = 13.3;
						TestTargetID = 8A40C05728653CA000DDEF50;
					};
				};
			};
			buildConfigurationList = 8A40C04F28653C9E00DDEF50 /* Build configuration list for PBXProject "CurrencyJam" */;
			compatibilityVersion = "Xcode 13.0";
			developmentRegion = en;
			hasScannedForEncodings = 0;
			knownRegions = (
				en,
				Base,
			);
			mainGroup = 8A40C04B28653C9E00DDEF50;
			productRefGroup = 8A40C05928653CA000DDEF50 /* Products */;
			projectDirPath = "";
			projectRoot = "";
			targets = (
				8A40C05728653CA000DDEF50 /* CurrencyJam (iOS) */,
				8A40C05D28653CA000DDEF50 /* CurrencyJam (macOS) */,
				8A40C07E2866682600DDEF50 /* CurrencyJamTests */,
			);
		};
/* End PBXProject section */

/* Begin PBXResourcesBuildPhase section */
		8A40C05628653CA000DDEF50 /* Resources */ = {
			isa = PBXResourcesBuildPhase;
			buildActionMask = 2147483647;
			files = (
				8A40C06528653CA000DDEF50 /* Assets.xcassets in Resources */,
			);
			runOnlyForDeploymentPostprocessing = 0;
		};
		8A40C05C28653CA000DDEF50 /* Resources */ = {
			isa = PBXResourcesBuildPhase;
			buildActionMask = 2147483647;
			files = (
				8A40C06628653CA000DDEF50 /* Assets.xcassets in Resources */,
			);
			runOnlyForDeploymentPostprocessing = 0;
		};
		8A40C07D2866682600DDEF50 /* Resources */ = {
			isa = PBXResourcesBuildPhase;
			buildActionMask = 2147483647;
			files = (
			);
			runOnlyForDeploymentPostprocessing = 0;
		};
/* End PBXResourcesBuildPhase section */

/* Begin PBXSourcesBuildPhase section */
		8A40C05428653CA000DDEF50 /* Sources */ = {
			isa = PBXSourcesBuildPhase;
			buildActionMask = 2147483647;
			files = (
				8A40C076286661A000DDEF50 /* LocaleOptions.swift in Sources */,
				8A40C06328653CA000DDEF50 /* LocalePicker.swift in Sources */,
				8A40C06128653CA000DDEF50 /* CurrencyJamApp.swift in Sources */,
				8A40C07028665EA900DDEF50 /* MoneyParser.swift in Sources */,
				8A40C0732866619400DDEF50 /* Currency.swift in Sources */,
			);
			runOnlyForDeploymentPostprocessing = 0;
		};
		8A40C05A28653CA000DDEF50 /* Sources */ = {
			isa = PBXSourcesBuildPhase;
			buildActionMask = 2147483647;
			files = (
				8A40C077286661A000DDEF50 /* LocaleOptions.swift in Sources */,
				8A40C06428653CA000DDEF50 /* LocalePicker.swift in Sources */,
				8A40C06228653CA000DDEF50 /* CurrencyJamApp.swift in Sources */,
				8A40C07128665EA900DDEF50 /* MoneyParser.swift in Sources */,
				8A40C0742866619400DDEF50 /* Currency.swift in Sources */,
			);
			runOnlyForDeploymentPostprocessing = 0;
		};
		8A40C07B2866682600DDEF50 /* Sources */ = {
			isa = PBXSourcesBuildPhase;
			buildActionMask = 2147483647;
			files = (
				8A40C0892866683100DDEF50 /* MoneyParserTests.swift in Sources */,
			);
			runOnlyForDeploymentPostprocessing = 0;
		};
/* End PBXSourcesBuildPhase section */

/* Begin PBXTargetDependency section */
		8A40C0842866682600DDEF50 /* PBXTargetDependency */ = {
			isa = PBXTargetDependency;
			target = 8A40C05728653CA000DDEF50 /* CurrencyJam (iOS) */;
			targetProxy = 8A40C0832866682600DDEF50 /* PBXContainerItemProxy */;
		};
/* End PBXTargetDependency section */

/* Begin XCBuildConfiguration section */
		8A40C06728653CA000DDEF50 /* Debug */ = {
			isa = XCBuildConfiguration;
			buildSettings = {
				ALWAYS_SEARCH_USER_PATHS = NO;
				CLANG_ANALYZER_NONNULL = YES;
				CLANG_ANALYZER_NUMBER_OBJECT_CONVERSION = YES_AGGRESSIVE;
				CLANG_CXX_LANGUAGE_STANDARD = "gnu++17";
				CLANG_ENABLE_MODULES = YES;
				CLANG_ENABLE_OBJC_ARC = YES;
				CLANG_ENABLE_OBJC_WEAK = YES;
				CLANG_WARN_BLOCK_CAPTURE_AUTORELEASING = YES;
				CLANG_WARN_BOOL_CONVERSION = YES;
				CLANG_WARN_COMMA = YES;
				CLANG_WARN_CONSTANT_CONVERSION = YES;
				CLANG_WARN_DEPRECATED_OBJC_IMPLEMENTATIONS = YES;
				CLANG_WARN_DIRECT_OBJC_ISA_USAGE = YES_ERROR;
				CLANG_WARN_DOCUMENTATION_COMMENTS = YES;
				CLANG_WARN_EMPTY_BODY = YES;
				CLANG_WARN_ENUM_CONVERSION = YES;
				CLANG_WARN_INFINITE_RECURSION = YES;
				CLANG_WARN_INT_CONVERSION = YES;
				CLANG_WARN_NON_LITERAL_NULL_CONVERSION = YES;
				CLANG_WARN_OBJC_IMPLICIT_RETAIN_SELF = YES;
				CLANG_WARN_OBJC_LITERAL_CONVERSION = YES;
				CLANG_WARN_OBJC_ROOT_CLASS = YES_ERROR;
				CLANG_WARN_QUOTED_INCLUDE_IN_FRAMEWORK_HEADER = YES;
				CLANG_WARN_RANGE_LOOP_ANALYSIS = YES;
				CLANG_WARN_STRICT_PROTOTYPES = YES;
				CLANG_WARN_SUSPICIOUS_MOVE = YES;
				CLANG_WARN_UNGUARDED_AVAILABILITY = YES_AGGRESSIVE;
				CLANG_WARN_UNREACHABLE_CODE = YES;
				CLANG_WARN__DUPLICATE_METHOD_MATCH = YES;
				COPY_PHASE_STRIP = NO;
				DEBUG_INFORMATION_FORMAT = dwarf;
				ENABLE_STRICT_OBJC_MSGSEND = YES;
				ENABLE_TESTABILITY = YES;
				GCC_C_LANGUAGE_STANDARD = gnu11;
				GCC_DYNAMIC_NO_PIC = NO;
				GCC_NO_COMMON_BLOCKS = YES;
				GCC_OPTIMIZATION_LEVEL = 0;
				GCC_PREPROCESSOR_DEFINITIONS = (
					"DEBUG=1",
					"$(inherited)",
				);
				GCC_WARN_64_TO_32_BIT_CONVERSION = YES;
				GCC_WARN_ABOUT_RETURN_TYPE = YES_ERROR;
				GCC_WARN_UNDECLARED_SELECTOR = YES;
				GCC_WARN_UNINITIALIZED_AUTOS = YES_AGGRESSIVE;
				GCC_WARN_UNUSED_FUNCTION = YES;
				GCC_WARN_UNUSED_VARIABLE = YES;
				MTL_ENABLE_DEBUG_INFO = INCLUDE_SOURCE;
				MTL_FAST_MATH = YES;
				ONLY_ACTIVE_ARCH = YES;
				SWIFT_ACTIVE_COMPILATION_CONDITIONS = DEBUG;
				SWIFT_OPTIMIZATION_LEVEL = "-Onone";
			};
			name = Debug;
		};
		8A40C06828653CA000DDEF50 /* Release */ = {
			isa = XCBuildConfiguration;
			buildSettings = {
				ALWAYS_SEARCH_USER_PATHS = NO;
				CLANG_ANALYZER_NONNULL = YES;
				CLANG_ANALYZER_NUMBER_OBJECT_CONVERSION = YES_AGGRESSIVE;
				CLANG_CXX_LANGUAGE_STANDARD = "gnu++17";
				CLANG_ENABLE_MODULES = YES;
				CLANG_ENABLE_OBJC_ARC = YES;
				CLANG_ENABLE_OBJC_WEAK = YES;
				CLANG_WARN_BLOCK_CAPTURE_AUTORELEASING = YES;
				CLANG_WARN_BOOL_CONVERSION = YES;
				CLANG_WARN_COMMA = YES;
				CLANG_WARN_CONSTANT_CONVERSION = YES;
				CLANG_WARN_DEPRECATED_OBJC_IMPLEMENTATIONS = YES;
				CLANG_WARN_DIRECT_OBJC_ISA_USAGE = YES_ERROR;
				CLANG_WARN_DOCUMENTATION_COMMENTS = YES;
				CLANG_WARN_EMPTY_BODY = YES;
				CLANG_WARN_ENUM_CONVERSION = YES;
				CLANG_WARN_INFINITE_RECURSION = YES;
				CLANG_WARN_INT_CONVERSION = YES;
				CLANG_WARN_NON_LITERAL_NULL_CONVERSION = YES;
				CLANG_WARN_OBJC_IMPLICIT_RETAIN_SELF = YES;
				CLANG_WARN_OBJC_LITERAL_CONVERSION = YES;
				CLANG_WARN_OBJC_ROOT_CLASS = YES_ERROR;
				CLANG_WARN_QUOTED_INCLUDE_IN_FRAMEWORK_HEADER = YES;
				CLANG_WARN_RANGE_LOOP_ANALYSIS = YES;
				CLANG_WARN_STRICT_PROTOTYPES = YES;
				CLANG_WARN_SUSPICIOUS_MOVE = YES;
				CLANG_WARN_UNGUARDED_AVAILABILITY = YES_AGGRESSIVE;
				CLANG_WARN_UNREACHABLE_CODE = YES;
				CLANG_WARN__DUPLICATE_METHOD_MATCH = YES;
				COPY_PHASE_STRIP = NO;
				DEBUG_INFORMATION_FORMAT = "dwarf-with-dsym";
				ENABLE_NS_ASSERTIONS = NO;
				ENABLE_STRICT_OBJC_MSGSEND = YES;
				GCC_C_LANGUAGE_STANDARD = gnu11;
				GCC_NO_COMMON_BLOCKS = YES;
				GCC_WARN_64_TO_32_BIT_CONVERSION = YES;
				GCC_WARN_ABOUT_RETURN_TYPE = YES_ERROR;
				GCC_WARN_UNDECLARED_SELECTOR = YES;
				GCC_WARN_UNINITIALIZED_AUTOS = YES_AGGRESSIVE;
				GCC_WARN_UNUSED_FUNCTION = YES;
				GCC_WARN_UNUSED_VARIABLE = YES;
				MTL_ENABLE_DEBUG_INFO = NO;
				MTL_FAST_MATH = YES;
				SWIFT_COMPILATION_MODE = wholemodule;
				SWIFT_OPTIMIZATION_LEVEL = "-O";
			};
			name = Release;
		};
		8A40C06A28653CA000DDEF50 /* Debug */ = {
			isa = XCBuildConfiguration;
			buildSettings = {
				ASSETCATALOG_COMPILER_APPICON_NAME = AppIcon;
				ASSETCATALOG_COMPILER_GLOBAL_ACCENT_COLOR_NAME = AccentColor;
				CODE_SIGN_STYLE = Automatic;
				CURRENT_PROJECT_VERSION = 1;
				DEVELOPMENT_TEAM = PL3B94NA79;
				ENABLE_PREVIEWS = YES;
				GENERATE_INFOPLIST_FILE = YES;
				INFOPLIST_KEY_UIApplicationSceneManifest_Generation = YES;
				INFOPLIST_KEY_UIApplicationSupportsIndirectInputEvents = YES;
				INFOPLIST_KEY_UILaunchScreen_Generation = YES;
				INFOPLIST_KEY_UISupportedInterfaceOrientations_iPad = "UIInterfaceOrientationPortrait UIInterfaceOrientationPortraitUpsideDown UIInterfaceOrientationLandscapeLeft UIInterfaceOrientationLandscapeRight";
				INFOPLIST_KEY_UISupportedInterfaceOrientations_iPhone = "UIInterfaceOrientationPortrait UIInterfaceOrientationLandscapeLeft UIInterfaceOrientationLandscapeRight";
				IPHONEOS_DEPLOYMENT_TARGET = 15.4;
				LD_RUNPATH_SEARCH_PATHS = (
					"$(inherited)",
					"@executable_path/Frameworks",
				);
				MARKETING_VERSION = 1.0;
				PRODUCT_BUNDLE_IDENTIFIER = com.jocmp.CurrencyJam;
				PRODUCT_NAME = CurrencyJam;
				SDKROOT = iphoneos;
				SWIFT_EMIT_LOC_STRINGS = YES;
				SWIFT_VERSION = 5.0;
				TARGETED_DEVICE_FAMILY = "1,2";
			};
			name = Debug;
		};
		8A40C06B28653CA000DDEF50 /* Release */ = {
			isa = XCBuildConfiguration;
			buildSettings = {
				ASSETCATALOG_COMPILER_APPICON_NAME = AppIcon;
				ASSETCATALOG_COMPILER_GLOBAL_ACCENT_COLOR_NAME = AccentColor;
				CODE_SIGN_STYLE = Automatic;
				CURRENT_PROJECT_VERSION = 1;
				DEVELOPMENT_TEAM = PL3B94NA79;
				ENABLE_PREVIEWS = YES;
				GENERATE_INFOPLIST_FILE = YES;
				INFOPLIST_KEY_UIApplicationSceneManifest_Generation = YES;
				INFOPLIST_KEY_UIApplicationSupportsIndirectInputEvents = YES;
				INFOPLIST_KEY_UILaunchScreen_Generation = YES;
				INFOPLIST_KEY_UISupportedInterfaceOrientations_iPad = "UIInterfaceOrientationPortrait UIInterfaceOrientationPortraitUpsideDown UIInterfaceOrientationLandscapeLeft UIInterfaceOrientationLandscapeRight";
				INFOPLIST_KEY_UISupportedInterfaceOrientations_iPhone = "UIInterfaceOrientationPortrait UIInterfaceOrientationLandscapeLeft UIInterfaceOrientationLandscapeRight";
				IPHONEOS_DEPLOYMENT_TARGET = 15.4;
				LD_RUNPATH_SEARCH_PATHS = (
					"$(inherited)",
					"@executable_path/Frameworks",
				);
				MARKETING_VERSION = 1.0;
				PRODUCT_BUNDLE_IDENTIFIER = com.jocmp.CurrencyJam;
				PRODUCT_NAME = CurrencyJam;
				SDKROOT = iphoneos;
				SWIFT_EMIT_LOC_STRINGS = YES;
				SWIFT_VERSION = 5.0;
				TARGETED_DEVICE_FAMILY = "1,2";
				VALIDATE_PRODUCT = YES;
			};
			name = Release;
		};
		8A40C06D28653CA000DDEF50 /* Debug */ = {
			isa = XCBuildConfiguration;
			buildSettings = {
				ASSETCATALOG_COMPILER_APPICON_NAME = AppIcon;
				ASSETCATALOG_COMPILER_GLOBAL_ACCENT_COLOR_NAME = AccentColor;
				CODE_SIGN_ENTITLEMENTS = macOS/macOS.entitlements;
				CODE_SIGN_STYLE = Automatic;
				COMBINE_HIDPI_IMAGES = YES;
				CURRENT_PROJECT_VERSION = 1;
				DEVELOPMENT_TEAM = PL3B94NA79;
				ENABLE_HARDENED_RUNTIME = YES;
				ENABLE_PREVIEWS = YES;
				GENERATE_INFOPLIST_FILE = YES;
				INFOPLIST_KEY_NSHumanReadableCopyright = "";
				LD_RUNPATH_SEARCH_PATHS = (
					"$(inherited)",
					"@executable_path/../Frameworks",
				);
				MACOSX_DEPLOYMENT_TARGET = 12.3;
				MARKETING_VERSION = 1.0;
				PRODUCT_BUNDLE_IDENTIFIER = com.jocmp.CurrencyJam;
				PRODUCT_NAME = CurrencyJam;
				SDKROOT = macosx;
				SWIFT_EMIT_LOC_STRINGS = YES;
				SWIFT_VERSION = 5.0;
			};
			name = Debug;
		};
		8A40C06E28653CA000DDEF50 /* Release */ = {
			isa = XCBuildConfiguration;
			buildSettings = {
				ASSETCATALOG_COMPILER_APPICON_NAME = AppIcon;
				ASSETCATALOG_COMPILER_GLOBAL_ACCENT_COLOR_NAME = AccentColor;
				CODE_SIGN_ENTITLEMENTS = macOS/macOS.entitlements;
				CODE_SIGN_STYLE = Automatic;
				COMBINE_HIDPI_IMAGES = YES;
				CURRENT_PROJECT_VERSION = 1;
				DEVELOPMENT_TEAM = PL3B94NA79;
				ENABLE_HARDENED_RUNTIME = YES;
				ENABLE_PREVIEWS = YES;
				GENERATE_INFOPLIST_FILE = YES;
				INFOPLIST_KEY_NSHumanReadableCopyright = "";
				LD_RUNPATH_SEARCH_PATHS = (
					"$(inherited)",
					"@executable_path/../Frameworks",
				);
				MACOSX_DEPLOYMENT_TARGET = 12.3;
				MARKETING_VERSION = 1.0;
				PRODUCT_BUNDLE_IDENTIFIER = com.jocmp.CurrencyJam;
				PRODUCT_NAME = CurrencyJam;
				SDKROOT = macosx;
				SWIFT_EMIT_LOC_STRINGS = YES;
				SWIFT_VERSION = 5.0;
			};
			name = Release;
		};
		8A40C0862866682600DDEF50 /* Debug */ = {
			isa = XCBuildConfiguration;
			buildSettings = {
				BUNDLE_LOADER = "$(TEST_HOST)";
				CODE_SIGN_STYLE = Automatic;
				CURRENT_PROJECT_VERSION = 1;
				DEVELOPMENT_TEAM = PL3B94NA79;
				GENERATE_INFOPLIST_FILE = YES;
				IPHONEOS_DEPLOYMENT_TARGET = 15.4;
				MARKETING_VERSION = 1.0;
				PRODUCT_BUNDLE_IDENTIFIER = com.jocmp.CurrencyJamTests;
				PRODUCT_NAME = "$(TARGET_NAME)";
				SDKROOT = iphoneos;
				SWIFT_EMIT_LOC_STRINGS = NO;
				SWIFT_VERSION = 5.0;
				TARGETED_DEVICE_FAMILY = "1,2";
				TEST_HOST = "$(BUILT_PRODUCTS_DIR)/CurrencyJam.app/CurrencyJam";
			};
			name = Debug;
		};
		8A40C0872866682600DDEF50 /* Release */ = {
			isa = XCBuildConfiguration;
			buildSettings = {
				BUNDLE_LOADER = "$(TEST_HOST)";
				CODE_SIGN_STYLE = Automatic;
				CURRENT_PROJECT_VERSION = 1;
				DEVELOPMENT_TEAM = PL3B94NA79;
				GENERATE_INFOPLIST_FILE = YES;
				IPHONEOS_DEPLOYMENT_TARGET = 15.4;
				MARKETING_VERSION = 1.0;
				PRODUCT_BUNDLE_IDENTIFIER = com.jocmp.CurrencyJamTests;
				PRODUCT_NAME = "$(TARGET_NAME)";
				SDKROOT = iphoneos;
				SWIFT_EMIT_LOC_STRINGS = NO;
				SWIFT_VERSION = 5.0;
				TARGETED_DEVICE_FAMILY = "1,2";
				TEST_HOST = "$(BUILT_PRODUCTS_DIR)/CurrencyJam.app/CurrencyJam";
				VALIDATE_PRODUCT = YES;
			};
			name = Release;
		};
/* End XCBuildConfiguration section */

/* Begin XCConfigurationList section */
		8A40C04F28653C9E00DDEF50 /* Build configuration list for PBXProject "CurrencyJam" */ = {
			isa = XCConfigurationList;
			buildConfigurations = (
				8A40C06728653CA000DDEF50 /* Debug */,
				8A40C06828653CA000DDEF50 /* Release */,
			);
			defaultConfigurationIsVisible = 0;
			defaultConfigurationName = Release;
		};
		8A40C06928653CA000DDEF50 /* Build configuration list for PBXNativeTarget "CurrencyJam (iOS)" */ = {
			isa = XCConfigurationList;
			buildConfigurations = (
				8A40C06A28653CA000DDEF50 /* Debug */,
				8A40C06B28653CA000DDEF50 /* Release */,
			);
			defaultConfigurationIsVisible = 0;
			defaultConfigurationName = Release;
		};
		8A40C06C28653CA000DDEF50 /* Build configuration list for PBXNativeTarget "CurrencyJam (macOS)" */ = {
			isa = XCConfigurationList;
			buildConfigurations = (
				8A40C06D28653CA000DDEF50 /* Debug */,
				8A40C06E28653CA000DDEF50 /* Release */,
			);
			defaultConfigurationIsVisible = 0;
			defaultConfigurationName = Release;
		};
		8A40C0852866682600DDEF50 /* Build configuration list for PBXNativeTarget "CurrencyJamTests" */ = {
			isa = XCConfigurationList;
			buildConfigurations = (
				8A40C0862866682600DDEF50 /* Debug */,
				8A40C0872866682600DDEF50 /* Release */,
			);
			defaultConfigurationIsVisible = 0;
			defaultConfigurationName = Release;
		};
/* End XCConfigurationList section */
	};
	rootObject = 8A40C04C28653C9E00DDEF50 /* Project object */;
}
